<?xml version="1.0" encoding="utf-8"?>
<Project ToolsVersion="4.0" xmlns="http://schemas.microsoft.com/developer/msbuild/2003">
  <ItemGroup>
    <Filter Include="Core">
      <UniqueIdentifier>{2EB4837C-1AEB-840D-C3D7-6A10AFED000F}</UniqueIdentifier>
    </Filter>
    <Filter Include="Core\Events">
      <UniqueIdentifier>{52201B74-BED5-9369-47CA-8D40B37E8A6D}</UniqueIdentifier>
    </Filter>
    <Filter Include="Core\ImGui">
      <UniqueIdentifier>{D8137ACD-C4CB-BB1A-2DD3-947619AA560B}</UniqueIdentifier>
    </Filter>
    <Filter Include="Core\Platform">
      <UniqueIdentifier>{42848203-AE44-FE39-777F-47B7E3FE4216}</UniqueIdentifier>
    </Filter>
    <Filter Include="Core\Platform\Windows">
      <UniqueIdentifier>{7C50E91D-E8BC-A418-B1B0-3C761DDCC680}</UniqueIdentifier>
    </Filter>
  </ItemGroup>
  <ItemGroup>
    <ClInclude Include="src\AssemCube.h" />
    <ClInclude Include="src\Core\ApplicationAC.h">
      <Filter>Core</Filter>
    </ClInclude>
    <ClInclude Include="src\Core\Core.h">
      <Filter>Core</Filter>
    </ClInclude>
    <ClInclude Include="src\Core\EntryPoint.h">
      <Filter>Core</Filter>
    </ClInclude>
    <ClInclude Include="src\Core\Events\ApplicationEvent.h">
      <Filter>Core\Events</Filter>
    </ClInclude>
    <ClInclude Include="src\Core\Events\Event.h">
      <Filter>Core\Events</Filter>
    </ClInclude>
    <ClInclude Include="src\Core\Events\KeyEvent.h">
      <Filter>Core\Events</Filter>
    </ClInclude>
    <ClInclude Include="src\Core\Events\MouseEvent.h">
      <Filter>Core\Events</Filter>
    </ClInclude>
    <ClInclude Include="src\Core\ImGui\ImGuiLayer.h">
      <Filter>Core\ImGui</Filter>
    </ClInclude>
    <ClInclude Include="src\Core\ImGui\ImGuiOpenGLRenderer.h">
      <Filter>Core\ImGui</Filter>
    </ClInclude>
    <ClInclude Include="src\Core\Input.h">
      <Filter>Core</Filter>
    </ClInclude>
    <ClInclude Include="src\Core\Layer.h">
      <Filter>Core</Filter>
    </ClInclude>
    <ClInclude Include="src\Core\LayerStack.h">
      <Filter>Core</Filter>
    </ClInclude>
    <ClInclude Include="src\Core\Log.h">
      <Filter>Core</Filter>
    </ClInclude>
    <ClInclude Include="src\Core\Platform\Windows\WindowsInput.h">
      <Filter>Core\Platform\Windows</Filter>
    </ClInclude>
    <ClInclude Include="src\Core\Platform\Windows\WindowsWindow.h">
      <Filter>Core\Platform\Windows</Filter>
    </ClInclude>
    <ClInclude Include="src\Core\Window.h">
      <Filter>Core</Filter>
    </ClInclude>
    <ClInclude Include="src\acpch.h" />
    <ClInclude Include="src\Core\KeyCodes.h" />
    <ClInclude Include="src\Core\MouseButtonCodes.h" />
  </ItemGroup>
  <ItemGroup>
    <ClCompile Include="src\Core\ApplicationAC.cpp">
      <Filter>Core</Filter>
    </ClCompile>
    <ClCompile Include="src\Core\ImGui\ImGuiLayer.cpp">
      <Filter>Core\ImGui</Filter>
    </ClCompile>
    <ClCompile Include="src\Core\ImGui\ImGuiOpenGLRenderer.cpp">
      <Filter>Core\ImGui</Filter>
    </ClCompile>
    <ClCompile Include="src\Core\Layer.cpp">
      <Filter>Core</Filter>
    </ClCompile>
    <ClCompile Include="src\Core\LayerStack.cpp">
      <Filter>Core</Filter>
    </ClCompile>
    <ClCompile Include="src\Core\Log.cpp">
      <Filter>Core</Filter>
    </ClCompile>
    <ClCompile Include="src\Core\Platform\Windows\WindowsInput.cpp">
      <Filter>Core\Platform\Windows</Filter>
    </ClCompile>
    <ClCompile Include="src\Core\Platform\Windows\WindowsWindow.cpp">
      <Filter>Core\Platform\Windows</Filter>
    </ClCompile>
    <ClCompile Include="src\acpch.cpp" />
  </ItemGroup>
</Project>